PODS:
  - Alamofire (4.7.1)
  - AlamofireImage (3.3.1):
    - Alamofire (~> 4.5)
  - Cosmos (15.0.0)
  - Spring (1.0.5)
  - SwiftyJSON (4.0.0)

DEPENDENCIES:
  - Alamofire
  - AlamofireImage
  - Cosmos (~> 15.0)
  - Spring
  - SwiftyJSON

SPEC CHECKSUMS:
  Alamofire: 68d7d521118d49c615a8d2214d87cdf525599d30
  AlamofireImage: 3b35b586853abaf94ca1250f4e94cff3c21a4c0d
  Cosmos: a6dbd3d0baa0cc8f51f8598f7508d5a09d0a9ade
  Spring: 17901566c8ecf3a1327902b940406c64512f9bb1
  SwiftyJSON: 070dabdcb1beb81b247c65ffa3a79dbbfb3b48aa

PODFILE CHECKSUM: 40d5b7bd40494954a42ae8970b5015f250a57ac8

COCOAPODS: 1.4.0
