// !$*UTF8*$!
{
	archiveVersion = 1;
	classes = {
	};
	objectVersion = 50;
	objects = {

/* Begin PBXBuildFile section */
		35858C7B2779CF1353267C30 /* Pods_P10_RecipleaseTests.framework in Frameworks */ = {isa = PBXBuildFile; fileRef = 28D7407C711D41717705A27A /* Pods_P10_RecipleaseTests.framework */; };
		716025B92085CB530076A79B /* AppDelegate.swift in Sources */ = {isa = PBXBuildFile; fileRef = 716025B82085CB530076A79B /* AppDelegate.swift */; };
		716025BB2085CB530076A79B /* SearchRecipeController.swift in Sources */ = {isa = PBXBuildFile; fileRef = 716025BA2085CB530076A79B /* SearchRecipeController.swift */; };
		716025BD2085CB530076A79B /* FavoriteRecipeController.swift in Sources */ = {isa = PBXBuildFile; fileRef = 716025BC2085CB530076A79B /* FavoriteRecipeController.swift */; };
		716025C02085CB530076A79B /* TabBarRecipe.storyboard in Resources */ = {isa = PBXBuildFile; fileRef = 716025BE2085CB530076A79B /* TabBarRecipe.storyboard */; };
		716025C22085CB550076A79B /* Assets.xcassets in Resources */ = {isa = PBXBuildFile; fileRef = 716025C12085CB550076A79B /* Assets.xcassets */; };
		716025C52085CB550076A79B /* LaunchScreen.storyboard in Resources */ = {isa = PBXBuildFile; fileRef = 716025C32085CB550076A79B /* LaunchScreen.storyboard */; };
		716025D02085CB550076A79B /* P10_RecipleaseTests.swift in Sources */ = {isa = PBXBuildFile; fileRef = 716025CF2085CB550076A79B /* P10_RecipleaseTests.swift */; };
		716025DB2085CB550076A79B /* P10_RecipleaseUITests.swift in Sources */ = {isa = PBXBuildFile; fileRef = 716025DA2085CB550076A79B /* P10_RecipleaseUITests.swift */; };
		716025EE2085CC140076A79B /* SearchRecipe.storyboard in Resources */ = {isa = PBXBuildFile; fileRef = 716025ED2085CC140076A79B /* SearchRecipe.storyboard */; };
		716025F02085CC380076A79B /* FavoriteRecipe.storyboard in Resources */ = {isa = PBXBuildFile; fileRef = 716025EF2085CC380076A79B /* FavoriteRecipe.storyboard */; };
		716025F42085CCAD0076A79B /* TableRecipeController.swift in Sources */ = {isa = PBXBuildFile; fileRef = 716025F32085CCAD0076A79B /* TableRecipeController.swift */; };
		716025F62085CD380076A79B /* Default-568h@2x.png in Resources */ = {isa = PBXBuildFile; fileRef = 716025F52085CD380076A79B /* Default-568h@2x.png */; };
		716025F82085CF790076A79B /* RecipeManager.swift in Sources */ = {isa = PBXBuildFile; fileRef = 716025F72085CF790076A79B /* RecipeManager.swift */; };
		716025FA208613CA0076A79B /* Recipe.swift in Sources */ = {isa = PBXBuildFile; fileRef = 716025F9208613CA0076A79B /* Recipe.swift */; };
		716025FE208616E20076A79B /* RecipeTableViewCell.swift in Sources */ = {isa = PBXBuildFile; fileRef = 716025FD208616E10076A79B /* RecipeTableViewCell.swift */; };
		8E7FCBB9BCA36FC161163104 /* Pods_P10_RecipleaseUITests.framework in Frameworks */ = {isa = PBXBuildFile; fileRef = F1006759F093427342353851 /* Pods_P10_RecipleaseUITests.framework */; };
		B64C62B81A72D2FB887E00ED /* Pods_P10_Reciplease.framework in Frameworks */ = {isa = PBXBuildFile; fileRef = CC54B4726147E17934AC96DC /* Pods_P10_Reciplease.framework */; };
/* End PBXBuildFile section */

/* Begin PBXContainerItemProxy section */
		716025CC2085CB550076A79B /* PBXContainerItemProxy */ = {
			isa = PBXContainerItemProxy;
			containerPortal = 716025AD2085CB530076A79B /* Project object */;
			proxyType = 1;
			remoteGlobalIDString = 716025B42085CB530076A79B;
			remoteInfo = P10_Reciplease;
		};
		716025D72085CB550076A79B /* PBXContainerItemProxy */ = {
			isa = PBXContainerItemProxy;
			containerPortal = 716025AD2085CB530076A79B /* Project object */;
			proxyType = 1;
			remoteGlobalIDString = 716025B42085CB530076A79B;
			remoteInfo = P10_Reciplease;
		};
/* End PBXContainerItemProxy section */

/* Begin PBXFileReference section */
		06DCD0163DEE512761ED0D31 /* Pods-P10_RecipleaseUITests.release.xcconfig */ = {isa = PBXFileReference; includeInIndex = 1; lastKnownFileType = text.xcconfig; name = "Pods-P10_RecipleaseUITests.release.xcconfig"; path = "Pods/Target Support Files/Pods-P10_RecipleaseUITests/Pods-P10_RecipleaseUITests.release.xcconfig"; sourceTree = "<group>"; };
		28D7407C711D41717705A27A /* Pods_P10_RecipleaseTests.framework */ = {isa = PBXFileReference; explicitFileType = wrapper.framework; includeInIndex = 0; path = Pods_P10_RecipleaseTests.framework; sourceTree = BUILT_PRODUCTS_DIR; };
		6365D3E22B4C412DFAD2A8DA /* Pods-P10_Reciplease.release.xcconfig */ = {isa = PBXFileReference; includeInIndex = 1; lastKnownFileType = text.xcconfig; name = "Pods-P10_Reciplease.release.xcconfig"; path = "Pods/Target Support Files/Pods-P10_Reciplease/Pods-P10_Reciplease.release.xcconfig"; sourceTree = "<group>"; };
		716025B52085CB530076A79B /* P10_Reciplease.app */ = {isa = PBXFileReference; explicitFileType = wrapper.application; includeInIndex = 0; path = P10_Reciplease.app; sourceTree = BUILT_PRODUCTS_DIR; };
		716025B82085CB530076A79B /* AppDelegate.swift */ = {isa = PBXFileReference; lastKnownFileType = sourcecode.swift; path = AppDelegate.swift; sourceTree = "<group>"; };
		716025BA2085CB530076A79B /* SearchRecipeController.swift */ = {isa = PBXFileReference; lastKnownFileType = sourcecode.swift; path = SearchRecipeController.swift; sourceTree = "<group>"; };
		716025BC2085CB530076A79B /* FavoriteRecipeController.swift */ = {isa = PBXFileReference; lastKnownFileType = sourcecode.swift; path = FavoriteRecipeController.swift; sourceTree = "<group>"; };
		716025BF2085CB530076A79B /* Base */ = {isa = PBXFileReference; lastKnownFileType = file.storyboard; name = Base; path = Base.lproj/TabBarRecipe.storyboard; sourceTree = "<group>"; };
		716025C12085CB550076A79B /* Assets.xcassets */ = {isa = PBXFileReference; lastKnownFileType = folder.assetcatalog; path = Assets.xcassets; sourceTree = "<group>"; };
		716025C42085CB550076A79B /* Base */ = {isa = PBXFileReference; lastKnownFileType = file.storyboard; name = Base; path = Base.lproj/LaunchScreen.storyboard; sourceTree = "<group>"; };
		716025C62085CB550076A79B /* Info.plist */ = {isa = PBXFileReference; lastKnownFileType = text.plist.xml; path = Info.plist; sourceTree = "<group>"; };
		716025CB2085CB550076A79B /* P10_RecipleaseTests.xctest */ = {isa = PBXFileReference; explicitFileType = wrapper.cfbundle; includeInIndex = 0; path = P10_RecipleaseTests.xctest; sourceTree = BUILT_PRODUCTS_DIR; };
		716025CF2085CB550076A79B /* P10_RecipleaseTests.swift */ = {isa = PBXFileReference; lastKnownFileType = sourcecode.swift; path = P10_RecipleaseTests.swift; sourceTree = "<group>"; };
		716025D12085CB550076A79B /* Info.plist */ = {isa = PBXFileReference; lastKnownFileType = text.plist.xml; path = Info.plist; sourceTree = "<group>"; };
		716025D62085CB550076A79B /* P10_RecipleaseUITests.xctest */ = {isa = PBXFileReference; explicitFileType = wrapper.cfbundle; includeInIndex = 0; path = P10_RecipleaseUITests.xctest; sourceTree = BUILT_PRODUCTS_DIR; };
		716025DA2085CB550076A79B /* P10_RecipleaseUITests.swift */ = {isa = PBXFileReference; lastKnownFileType = sourcecode.swift; path = P10_RecipleaseUITests.swift; sourceTree = "<group>"; };
		716025DC2085CB550076A79B /* Info.plist */ = {isa = PBXFileReference; lastKnownFileType = text.plist.xml; path = Info.plist; sourceTree = "<group>"; };
		716025ED2085CC140076A79B /* SearchRecipe.storyboard */ = {isa = PBXFileReference; fileEncoding = 4; lastKnownFileType = file.storyboard; path = SearchRecipe.storyboard; sourceTree = "<group>"; };
		716025EF2085CC380076A79B /* FavoriteRecipe.storyboard */ = {isa = PBXFileReference; fileEncoding = 4; lastKnownFileType = file.storyboard; path = FavoriteRecipe.storyboard; sourceTree = "<group>"; };
		716025F32085CCAD0076A79B /* TableRecipeController.swift */ = {isa = PBXFileReference; lastKnownFileType = sourcecode.swift; path = TableRecipeController.swift; sourceTree = "<group>"; };
		716025F52085CD380076A79B /* Default-568h@2x.png */ = {isa = PBXFileReference; lastKnownFileType = image.png; path = "Default-568h@2x.png"; sourceTree = "<group>"; };
		716025F72085CF790076A79B /* RecipeManager.swift */ = {isa = PBXFileReference; lastKnownFileType = sourcecode.swift; path = RecipeManager.swift; sourceTree = "<group>"; };
		716025F9208613CA0076A79B /* Recipe.swift */ = {isa = PBXFileReference; lastKnownFileType = sourcecode.swift; path = Recipe.swift; sourceTree = "<group>"; };
		716025FD208616E10076A79B /* RecipeTableViewCell.swift */ = {isa = PBXFileReference; lastKnownFileType = sourcecode.swift; path = RecipeTableViewCell.swift; sourceTree = "<group>"; };
		A21A32AED546B00560B49C91 /* Pods-P10_RecipleaseTests.debug.xcconfig */ = {isa = PBXFileReference; includeInIndex = 1; lastKnownFileType = text.xcconfig; name = "Pods-P10_RecipleaseTests.debug.xcconfig"; path = "Pods/Target Support Files/Pods-P10_RecipleaseTests/Pods-P10_RecipleaseTests.debug.xcconfig"; sourceTree = "<group>"; };
		C7ED558A5263CAAFAA2D4C0D /* Pods-P10_RecipleaseTests.release.xcconfig */ = {isa = PBXFileReference; includeInIndex = 1; lastKnownFileType = text.xcconfig; name = "Pods-P10_RecipleaseTests.release.xcconfig"; path = "Pods/Target Support Files/Pods-P10_RecipleaseTests/Pods-P10_RecipleaseTests.release.xcconfig"; sourceTree = "<group>"; };
		CC54B4726147E17934AC96DC /* Pods_P10_Reciplease.framework */ = {isa = PBXFileReference; explicitFileType = wrapper.framework; includeInIndex = 0; path = Pods_P10_Reciplease.framework; sourceTree = BUILT_PRODUCTS_DIR; };
		E1C9B7E7FD8B405734B2A9EF /* Pods-P10_RecipleaseUITests.debug.xcconfig */ = {isa = PBXFileReference; includeInIndex = 1; lastKnownFileType = text.xcconfig; name = "Pods-P10_RecipleaseUITests.debug.xcconfig"; path = "Pods/Target Support Files/Pods-P10_RecipleaseUITests/Pods-P10_RecipleaseUITests.debug.xcconfig"; sourceTree = "<group>"; };
		F1006759F093427342353851 /* Pods_P10_RecipleaseUITests.framework */ = {isa = PBXFileReference; explicitFileType = wrapper.framework; includeInIndex = 0; path = Pods_P10_RecipleaseUITests.framework; sourceTree = BUILT_PRODUCTS_DIR; };
		FE22C0741961A0AA4011E448 /* Pods-P10_Reciplease.debug.xcconfig */ = {isa = PBXFileReference; includeInIndex = 1; lastKnownFileType = text.xcconfig; name = "Pods-P10_Reciplease.debug.xcconfig"; path = "Pods/Target Support Files/Pods-P10_Reciplease/Pods-P10_Reciplease.debug.xcconfig"; sourceTree = "<group>"; };
/* End PBXFileReference section */

/* Begin PBXFrameworksBuildPhase section */
		716025B22085CB530076A79B /* Frameworks */ = {
			isa = PBXFrameworksBuildPhase;
			buildActionMask = 2147483647;
			files = (
				B64C62B81A72D2FB887E00ED /* Pods_P10_Reciplease.framework in Frameworks */,
			);
			runOnlyForDeploymentPostprocessing = 0;
		};
		716025C82085CB550076A79B /* Frameworks */ = {
			isa = PBXFrameworksBuildPhase;
			buildActionMask = 2147483647;
			files = (
				35858C7B2779CF1353267C30 /* Pods_P10_RecipleaseTests.framework in Frameworks */,
			);
			runOnlyForDeploymentPostprocessing = 0;
		};
		716025D32085CB550076A79B /* Frameworks */ = {
			isa = PBXFrameworksBuildPhase;
			buildActionMask = 2147483647;
			files = (
				8E7FCBB9BCA36FC161163104 /* Pods_P10_RecipleaseUITests.framework in Frameworks */,
			);
			runOnlyForDeploymentPostprocessing = 0;
		};
/* End PBXFrameworksBuildPhase section */

/* Begin PBXGroup section */
		0D53146EBDB5193B5DF3BD4B /* Frameworks */ = {
			isa = PBXGroup;
			children = (
				CC54B4726147E17934AC96DC /* Pods_P10_Reciplease.framework */,
				28D7407C711D41717705A27A /* Pods_P10_RecipleaseTests.framework */,
				F1006759F093427342353851 /* Pods_P10_RecipleaseUITests.framework */,
			);
			name = Frameworks;
			sourceTree = "<group>";
		};
		716025AC2085CB530076A79B = {
			isa = PBXGroup;
			children = (
				716025F52085CD380076A79B /* Default-568h@2x.png */,
				716025B72085CB530076A79B /* P10_Reciplease */,
				716025CE2085CB550076A79B /* P10_RecipleaseTests */,
				716025D92085CB550076A79B /* P10_RecipleaseUITests */,
				716025B62085CB530076A79B /* Products */,
				C42A24D1DDAD9F446EC61098 /* Pods */,
				0D53146EBDB5193B5DF3BD4B /* Frameworks */,
			);
			sourceTree = "<group>";
		};
		716025B62085CB530076A79B /* Products */ = {
			isa = PBXGroup;
			children = (
				716025B52085CB530076A79B /* P10_Reciplease.app */,
				716025CB2085CB550076A79B /* P10_RecipleaseTests.xctest */,
				716025D62085CB550076A79B /* P10_RecipleaseUITests.xctest */,
			);
			name = Products;
			sourceTree = "<group>";
		};
		716025B72085CB530076A79B /* P10_Reciplease */ = {
			isa = PBXGroup;
			children = (
				716025B82085CB530076A79B /* AppDelegate.swift */,
				716025EC2085CBB70076A79B /* Model */,
				716025E92085CB820076A79B /* TabBarRecipe */,
				716025EA2085CB8D0076A79B /* SearchRecipe */,
				716025EB2085CB990076A79B /* FavoriteRecipe */,
				716025E82085CB680076A79B /* Ressource */,
			);
			path = P10_Reciplease;
			sourceTree = "<group>";
		};
		716025CE2085CB550076A79B /* P10_RecipleaseTests */ = {
			isa = PBXGroup;
			children = (
				716025CF2085CB550076A79B /* P10_RecipleaseTests.swift */,
				716025D12085CB550076A79B /* Info.plist */,
			);
			path = P10_RecipleaseTests;
			sourceTree = "<group>";
		};
		716025D92085CB550076A79B /* P10_RecipleaseUITests */ = {
			isa = PBXGroup;
			children = (
				716025DA2085CB550076A79B /* P10_RecipleaseUITests.swift */,
				716025DC2085CB550076A79B /* Info.plist */,
			);
			path = P10_RecipleaseUITests;
			sourceTree = "<group>";
		};
		716025E82085CB680076A79B /* Ressource */ = {
			isa = PBXGroup;
			children = (
				716025C62085CB550076A79B /* Info.plist */,
				716025C32085CB550076A79B /* LaunchScreen.storyboard */,
				716025C12085CB550076A79B /* Assets.xcassets */,
			);
			path = Ressource;
			sourceTree = "<group>";
		};
		716025E92085CB820076A79B /* TabBarRecipe */ = {
			isa = PBXGroup;
			children = (
				716025BE2085CB530076A79B /* TabBarRecipe.storyboard */,
			);
			path = TabBarRecipe;
			sourceTree = "<group>";
		};
		716025EA2085CB8D0076A79B /* SearchRecipe */ = {
			isa = PBXGroup;
			children = (
				716025ED2085CC140076A79B /* SearchRecipe.storyboard */,
				716025F22085CC490076A79B /* Controller */,
			);
			path = SearchRecipe;
			sourceTree = "<group>";
		};
		716025EB2085CB990076A79B /* FavoriteRecipe */ = {
			isa = PBXGroup;
			children = (
				716025EF2085CC380076A79B /* FavoriteRecipe.storyboard */,
				716025F12085CC3E0076A79B /* Controller */,
			);
			path = FavoriteRecipe;
			sourceTree = "<group>";
		};
		716025EC2085CBB70076A79B /* Model */ = {
			isa = PBXGroup;
			children = (
				716025F72085CF790076A79B /* RecipeManager.swift */,
				716025F9208613CA0076A79B /* Recipe.swift */,
			);
			path = Model;
			sourceTree = "<group>";
		};
		716025F12085CC3E0076A79B /* Controller */ = {
			isa = PBXGroup;
			children = (
				716025BC2085CB530076A79B /* FavoriteRecipeController.swift */,
			);
			path = Controller;
			sourceTree = "<group>";
		};
		716025F22085CC490076A79B /* Controller */ = {
			isa = PBXGroup;
			children = (
				716025BA2085CB530076A79B /* SearchRecipeController.swift */,
				716025F32085CCAD0076A79B /* TableRecipeController.swift */,
				716025FD208616E10076A79B /* RecipeTableViewCell.swift */,
			);
			path = Controller;
			sourceTree = "<group>";
		};
		C42A24D1DDAD9F446EC61098 /* Pods */ = {
			isa = PBXGroup;
			children = (
				FE22C0741961A0AA4011E448 /* Pods-P10_Reciplease.debug.xcconfig */,
				6365D3E22B4C412DFAD2A8DA /* Pods-P10_Reciplease.release.xcconfig */,
				A21A32AED546B00560B49C91 /* Pods-P10_RecipleaseTests.debug.xcconfig */,
				C7ED558A5263CAAFAA2D4C0D /* Pods-P10_RecipleaseTests.release.xcconfig */,
				E1C9B7E7FD8B405734B2A9EF /* Pods-P10_RecipleaseUITests.debug.xcconfig */,
				06DCD0163DEE512761ED0D31 /* Pods-P10_RecipleaseUITests.release.xcconfig */,
			);
			name = Pods;
			sourceTree = "<group>";
		};
/* End PBXGroup section */

/* Begin PBXNativeTarget section */
		716025B42085CB530076A79B /* P10_Reciplease */ = {
			isa = PBXNativeTarget;
			buildConfigurationList = 716025DF2085CB550076A79B /* Build configuration list for PBXNativeTarget "P10_Reciplease" */;
			buildPhases = (
				3DBE2CC28FA39060E5612143 /* [CP] Check Pods Manifest.lock */,
				716025B12085CB530076A79B /* Sources */,
				716025B22085CB530076A79B /* Frameworks */,
				716025B32085CB530076A79B /* Resources */,
				88329DA341B174FE967B5CC1 /* [CP] Embed Pods Frameworks */,
				F3E3F40323396BA1E9F86C79 /* [CP] Copy Pods Resources */,
			);
			buildRules = (
			);
			dependencies = (
			);
			name = P10_Reciplease;
			productName = P10_Reciplease;
			productReference = 716025B52085CB530076A79B /* P10_Reciplease.app */;
			productType = "com.apple.product-type.application";
		};
		716025CA2085CB550076A79B /* P10_RecipleaseTests */ = {
			isa = PBXNativeTarget;
			buildConfigurationList = 716025E22085CB550076A79B /* Build configuration list for PBXNativeTarget "P10_RecipleaseTests" */;
			buildPhases = (
				D751ED790D55C95657BC6B0A /* [CP] Check Pods Manifest.lock */,
				716025C72085CB550076A79B /* Sources */,
				716025C82085CB550076A79B /* Frameworks */,
				716025C92085CB550076A79B /* Resources */,
				9034DC0C9748887DE736EA1D /* [CP] Embed Pods Frameworks */,
				D117654C9644511FDED6F93B /* [CP] Copy Pods Resources */,
			);
			buildRules = (
			);
			dependencies = (
				716025CD2085CB550076A79B /* PBXTargetDependency */,
			);
			name = P10_RecipleaseTests;
			productName = P10_RecipleaseTests;
			productReference = 716025CB2085CB550076A79B /* P10_RecipleaseTests.xctest */;
			productType = "com.apple.product-type.bundle.unit-test";
		};
		716025D52085CB550076A79B /* P10_RecipleaseUITests */ = {
			isa = PBXNativeTarget;
			buildConfigurationList = 716025E52085CB550076A79B /* Build configuration list for PBXNativeTarget "P10_RecipleaseUITests" */;
			buildPhases = (
				B3514441EBFFD73BBF932045 /* [CP] Check Pods Manifest.lock */,
				716025D22085CB550076A79B /* Sources */,
				716025D32085CB550076A79B /* Frameworks */,
				716025D42085CB550076A79B /* Resources */,
				6D799DE224F9ADF1D36DE0EC /* [CP] Embed Pods Frameworks */,
				317C7C92F42DFC1393608C35 /* [CP] Copy Pods Resources */,
			);
			buildRules = (
			);
			dependencies = (
				716025D82085CB550076A79B /* PBXTargetDependency */,
			);
			name = P10_RecipleaseUITests;
			productName = P10_RecipleaseUITests;
			productReference = 716025D62085CB550076A79B /* P10_RecipleaseUITests.xctest */;
			productType = "com.apple.product-type.bundle.ui-testing";
		};
/* End PBXNativeTarget section */

/* Begin PBXProject section */
		716025AD2085CB530076A79B /* Project object */ = {
			isa = PBXProject;
			attributes = {
				LastSwiftUpdateCheck = 0930;
				LastUpgradeCheck = 0930;
				ORGANIZATIONNAME = "Richeux Antoine";
				TargetAttributes = {
					716025B42085CB530076A79B = {
						CreatedOnToolsVersion = 9.3;
					};
					716025CA2085CB550076A79B = {
						CreatedOnToolsVersion = 9.3;
						TestTargetID = 716025B42085CB530076A79B;
					};
					716025D52085CB550076A79B = {
						CreatedOnToolsVersion = 9.3;
						TestTargetID = 716025B42085CB530076A79B;
					};
				};
			};
			buildConfigurationList = 716025B02085CB530076A79B /* Build configuration list for PBXProject "P10_Reciplease" */;
			compatibilityVersion = "Xcode 9.3";
			developmentRegion = en;
			hasScannedForEncodings = 0;
			knownRegions = (
				en,
				Base,
			);
			mainGroup = 716025AC2085CB530076A79B;
			productRefGroup = 716025B62085CB530076A79B /* Products */;
			projectDirPath = "";
			projectRoot = "";
			targets = (
				716025B42085CB530076A79B /* P10_Reciplease */,
				716025CA2085CB550076A79B /* P10_RecipleaseTests */,
				716025D52085CB550076A79B /* P10_RecipleaseUITests */,
			);
		};
/* End PBXProject section */

/* Begin PBXResourcesBuildPhase section */
		716025B32085CB530076A79B /* Resources */ = {
			isa = PBXResourcesBuildPhase;
			buildActionMask = 2147483647;
			files = (
				716025F02085CC380076A79B /* FavoriteRecipe.storyboard in Resources */,
				716025EE2085CC140076A79B /* SearchRecipe.storyboard in Resources */,
				716025C52085CB550076A79B /* LaunchScreen.storyboard in Resources */,
				716025C22085CB550076A79B /* Assets.xcassets in Resources */,
				716025C02085CB530076A79B /* TabBarRecipe.storyboard in Resources */,
				716025F62085CD380076A79B /* Default-568h@2x.png in Resources */,
			);
			runOnlyForDeploymentPostprocessing = 0;
		};
		716025C92085CB550076A79B /* Resources */ = {
			isa = PBXResourcesBuildPhase;
			buildActionMask = 2147483647;
			files = (
			);
			runOnlyForDeploymentPostprocessing = 0;
		};
		716025D42085CB550076A79B /* Resources */ = {
			isa = PBXResourcesBuildPhase;
			buildActionMask = 2147483647;
			files = (
			);
			runOnlyForDeploymentPostprocessing = 0;
		};
/* End PBXResourcesBuildPhase section */

/* Begin PBXShellScriptBuildPhase section */
		317C7C92F42DFC1393608C35 /* [CP] Copy Pods Resources */ = {
			isa = PBXShellScriptBuildPhase;
			buildActionMask = 2147483647;
			files = (
			);
			inputPaths = (
			);
			name = "[CP] Copy Pods Resources";
			outputPaths = (
			);
			runOnlyForDeploymentPostprocessing = 0;
			shellPath = /bin/sh;
			shellScript = "\"${SRCROOT}/Pods/Target Support Files/Pods-P10_RecipleaseUITests/Pods-P10_RecipleaseUITests-resources.sh\"\n";
			showEnvVarsInLog = 0;
		};
		3DBE2CC28FA39060E5612143 /* [CP] Check Pods Manifest.lock */ = {
			isa = PBXShellScriptBuildPhase;
			buildActionMask = 2147483647;
			files = (
			);
			inputPaths = (
				"${PODS_PODFILE_DIR_PATH}/Podfile.lock",
				"${PODS_ROOT}/Manifest.lock",
			);
			name = "[CP] Check Pods Manifest.lock";
			outputPaths = (
				"$(DERIVED_FILE_DIR)/Pods-P10_Reciplease-checkManifestLockResult.txt",
			);
			runOnlyForDeploymentPostprocessing = 0;
			shellPath = /bin/sh;
			shellScript = "diff \"${PODS_PODFILE_DIR_PATH}/Podfile.lock\" \"${PODS_ROOT}/Manifest.lock\" > /dev/null\nif [ $? != 0 ] ; then\n    # print error to STDERR\n    echo \"error: The sandbox is not in sync with the Podfile.lock. Run 'pod install' or update your CocoaPods installation.\" >&2\n    exit 1\nfi\n# This output is used by Xcode 'outputs' to avoid re-running this script phase.\necho \"SUCCESS\" > \"${SCRIPT_OUTPUT_FILE_0}\"\n";
			showEnvVarsInLog = 0;
		};
		6D799DE224F9ADF1D36DE0EC /* [CP] Embed Pods Frameworks */ = {
			isa = PBXShellScriptBuildPhase;
			buildActionMask = 2147483647;
			files = (
			);
			inputPaths = (
			);
			name = "[CP] Embed Pods Frameworks";
			outputPaths = (
			);
			runOnlyForDeploymentPostprocessing = 0;
			shellPath = /bin/sh;
			shellScript = "\"${SRCROOT}/Pods/Target Support Files/Pods-P10_RecipleaseUITests/Pods-P10_RecipleaseUITests-frameworks.sh\"\n";
			showEnvVarsInLog = 0;
		};
		88329DA341B174FE967B5CC1 /* [CP] Embed Pods Frameworks */ = {
			isa = PBXShellScriptBuildPhase;
			buildActionMask = 2147483647;
			files = (
			);
			inputPaths = (
				"${SRCROOT}/Pods/Target Support Files/Pods-P10_Reciplease/Pods-P10_Reciplease-frameworks.sh",
				"${BUILT_PRODUCTS_DIR}/Alamofire/Alamofire.framework",
				"${BUILT_PRODUCTS_DIR}/AlamofireImage/AlamofireImage.framework",
				"${BUILT_PRODUCTS_DIR}/SwiftyJSON/SwiftyJSON.framework",
			);
			name = "[CP] Embed Pods Frameworks";
			outputPaths = (
				"${TARGET_BUILD_DIR}/${FRAMEWORKS_FOLDER_PATH}/Alamofire.framework",
				"${TARGET_BUILD_DIR}/${FRAMEWORKS_FOLDER_PATH}/AlamofireImage.framework",
				"${TARGET_BUILD_DIR}/${FRAMEWORKS_FOLDER_PATH}/SwiftyJSON.framework",
			);
			runOnlyForDeploymentPostprocessing = 0;
			shellPath = /bin/sh;
			shellScript = "\"${SRCROOT}/Pods/Target Support Files/Pods-P10_Reciplease/Pods-P10_Reciplease-frameworks.sh\"\n";
			showEnvVarsInLog = 0;
		};
		9034DC0C9748887DE736EA1D /* [CP] Embed Pods Frameworks */ = {
			isa = PBXShellScriptBuildPhase;
			buildActionMask = 2147483647;
			files = (
			);
			inputPaths = (
			);
			name = "[CP] Embed Pods Frameworks";
			outputPaths = (
			);
			runOnlyForDeploymentPostprocessing = 0;
			shellPath = /bin/sh;
			shellScript = "\"${SRCROOT}/Pods/Target Support Files/Pods-P10_RecipleaseTests/Pods-P10_RecipleaseTests-frameworks.sh\"\n";
			showEnvVarsInLog = 0;
		};
		B3514441EBFFD73BBF932045 /* [CP] Check Pods Manifest.lock */ = {
			isa = PBXShellScriptBuildPhase;
			buildActionMask = 2147483647;
			files = (
			);
			inputPaths = (
				"${PODS_PODFILE_DIR_PATH}/Podfile.lock",
				"${PODS_ROOT}/Manifest.lock",
			);
			name = "[CP] Check Pods Manifest.lock";
			outputPaths = (
				"$(DERIVED_FILE_DIR)/Pods-P10_RecipleaseUITests-checkManifestLockResult.txt",
			);
			runOnlyForDeploymentPostprocessing = 0;
			shellPath = /bin/sh;
			shellScript = "diff \"${PODS_PODFILE_DIR_PATH}/Podfile.lock\" \"${PODS_ROOT}/Manifest.lock\" > /dev/null\nif [ $? != 0 ] ; then\n    # print error to STDERR\n    echo \"error: The sandbox is not in sync with the Podfile.lock. Run 'pod install' or update your CocoaPods installation.\" >&2\n    exit 1\nfi\n# This output is used by Xcode 'outputs' to avoid re-running this script phase.\necho \"SUCCESS\" > \"${SCRIPT_OUTPUT_FILE_0}\"\n";
			showEnvVarsInLog = 0;
		};
		D117654C9644511FDED6F93B /* [CP] Copy Pods Resources */ = {
			isa = PBXShellScriptBuildPhase;
			buildActionMask = 2147483647;
			files = (
			);
			inputPaths = (
			);
			name = "[CP] Copy Pods Resources";
			outputPaths = (
			);
			runOnlyForDeploymentPostprocessing = 0;
			shellPath = /bin/sh;
			shellScript = "\"${SRCROOT}/Pods/Target Support Files/Pods-P10_RecipleaseTests/Pods-P10_RecipleaseTests-resources.sh\"\n";
			showEnvVarsInLog = 0;
		};
		D751ED790D55C95657BC6B0A /* [CP] Check Pods Manifest.lock */ = {
			isa = PBXShellScriptBuildPhase;
			buildActionMask = 2147483647;
			files = (
			);
			inputPaths = (
				"${PODS_PODFILE_DIR_PATH}/Podfile.lock",
				"${PODS_ROOT}/Manifest.lock",
			);
			name = "[CP] Check Pods Manifest.lock";
			outputPaths = (
				"$(DERIVED_FILE_DIR)/Pods-P10_RecipleaseTests-checkManifestLockResult.txt",
			);
			runOnlyForDeploymentPostprocessing = 0;
			shellPath = /bin/sh;
			shellScript = "diff \"${PODS_PODFILE_DIR_PATH}/Podfile.lock\" \"${PODS_ROOT}/Manifest.lock\" > /dev/null\nif [ $? != 0 ] ; then\n    # print error to STDERR\n    echo \"error: The sandbox is not in sync with the Podfile.lock. Run 'pod install' or update your CocoaPods installation.\" >&2\n    exit 1\nfi\n# This output is used by Xcode 'outputs' to avoid re-running this script phase.\necho \"SUCCESS\" > \"${SCRIPT_OUTPUT_FILE_0}\"\n";
			showEnvVarsInLog = 0;
		};
		F3E3F40323396BA1E9F86C79 /* [CP] Copy Pods Resources */ = {
			isa = PBXShellScriptBuildPhase;
			buildActionMask = 2147483647;
			files = (
			);
			inputPaths = (
			);
			name = "[CP] Copy Pods Resources";
			outputPaths = (
			);
			runOnlyForDeploymentPostprocessing = 0;
			shellPath = /bin/sh;
			shellScript = "\"${SRCROOT}/Pods/Target Support Files/Pods-P10_Reciplease/Pods-P10_Reciplease-resources.sh\"\n";
			showEnvVarsInLog = 0;
		};
/* End PBXShellScriptBuildPhase section */

/* Begin PBXSourcesBuildPhase section */
		716025B12085CB530076A79B /* Sources */ = {
			isa = PBXSourcesBuildPhase;
			buildActionMask = 2147483647;
			files = (
				716025BD2085CB530076A79B /* FavoriteRecipeController.swift in Sources */,
				716025F82085CF790076A79B /* RecipeManager.swift in Sources */,
				716025B92085CB530076A79B /* AppDelegate.swift in Sources */,
				716025FE208616E20076A79B /* RecipeTableViewCell.swift in Sources */,
				716025FA208613CA0076A79B /* Recipe.swift in Sources */,
				716025F42085CCAD0076A79B /* TableRecipeController.swift in Sources */,
				716025BB2085CB530076A79B /* SearchRecipeController.swift in Sources */,
			);
			runOnlyForDeploymentPostprocessing = 0;
		};
		716025C72085CB550076A79B /* Sources */ = {
			isa = PBXSourcesBuildPhase;
			buildActionMask = 2147483647;
			files = (
				716025D02085CB550076A79B /* P10_RecipleaseTests.swift in Sources */,
			);
			runOnlyForDeploymentPostprocessing = 0;
		};
		716025D22085CB550076A79B /* Sources */ = {
			isa = PBXSourcesBuildPhase;
			buildActionMask = 2147483647;
			files = (
				716025DB2085CB550076A79B /* P10_RecipleaseUITests.swift in Sources */,
			);
			runOnlyForDeploymentPostprocessing = 0;
		};
/* End PBXSourcesBuildPhase section */

/* Begin PBXTargetDependency section */
		716025CD2085CB550076A79B /* PBXTargetDependency */ = {
			isa = PBXTargetDependency;
			target = 716025B42085CB530076A79B /* P10_Reciplease */;
			targetProxy = 716025CC2085CB550076A79B /* PBXContainerItemProxy */;
		};
		716025D82085CB550076A79B /* PBXTargetDependency */ = {
			isa = PBXTargetDependency;
			target = 716025B42085CB530076A79B /* P10_Reciplease */;
			targetProxy = 716025D72085CB550076A79B /* PBXContainerItemProxy */;
		};
/* End PBXTargetDependency section */

/* Begin PBXVariantGroup section */
		716025BE2085CB530076A79B /* TabBarRecipe.storyboard */ = {
			isa = PBXVariantGroup;
			children = (
				716025BF2085CB530076A79B /* Base */,
			);
			name = TabBarRecipe.storyboard;
			sourceTree = "<group>";
		};
		716025C32085CB550076A79B /* LaunchScreen.storyboard */ = {
			isa = PBXVariantGroup;
			children = (
				716025C42085CB550076A79B /* Base */,
			);
			name = LaunchScreen.storyboard;
			sourceTree = "<group>";
		};
/* End PBXVariantGroup section */

/* Begin XCBuildConfiguration section */
		716025DD2085CB550076A79B /* Debug */ = {
			isa = XCBuildConfiguration;
			buildSettings = {
				ALWAYS_SEARCH_USER_PATHS = NO;
				CLANG_ANALYZER_NONNULL = YES;
				CLANG_ANALYZER_NUMBER_OBJECT_CONVERSION = YES_AGGRESSIVE;
				CLANG_CXX_LANGUAGE_STANDARD = "gnu++14";
				CLANG_CXX_LIBRARY = "libc++";
				CLANG_ENABLE_MODULES = YES;
				CLANG_ENABLE_OBJC_ARC = YES;
				CLANG_ENABLE_OBJC_WEAK = YES;
				CLANG_WARN_BLOCK_CAPTURE_AUTORELEASING = YES;
				CLANG_WARN_BOOL_CONVERSION = YES;
				CLANG_WARN_COMMA = YES;
				CLANG_WARN_CONSTANT_CONVERSION = YES;
				CLANG_WARN_DEPRECATED_OBJC_IMPLEMENTATIONS = YES;
				CLANG_WARN_DIRECT_OBJC_ISA_USAGE = YES_ERROR;
				CLANG_WARN_DOCUMENTATION_COMMENTS = YES;
				CLANG_WARN_EMPTY_BODY = YES;
				CLANG_WARN_ENUM_CONVERSION = YES;
				CLANG_WARN_INFINITE_RECURSION = YES;
				CLANG_WARN_INT_CONVERSION = YES;
				CLANG_WARN_NON_LITERAL_NULL_CONVERSION = YES;
				CLANG_WARN_OBJC_IMPLICIT_RETAIN_SELF = YES;
				CLANG_WARN_OBJC_LITERAL_CONVERSION = YES;
				CLANG_WARN_OBJC_ROOT_CLASS = YES_ERROR;
				CLANG_WARN_RANGE_LOOP_ANALYSIS = YES;
				CLANG_WARN_STRICT_PROTOTYPES = YES;
				CLANG_WARN_SUSPICIOUS_MOVE = YES;
				CLANG_WARN_UNGUARDED_AVAILABILITY = YES_AGGRESSIVE;
				CLANG_WARN_UNREACHABLE_CODE = YES;
				CLANG_WARN__DUPLICATE_METHOD_MATCH = YES;
				CODE_SIGN_IDENTITY = "iPhone Developer";
				COPY_PHASE_STRIP = NO;
				DEBUG_INFORMATION_FORMAT = dwarf;
				ENABLE_STRICT_OBJC_MSGSEND = YES;
				ENABLE_TESTABILITY = YES;
				GCC_C_LANGUAGE_STANDARD = gnu11;
				GCC_DYNAMIC_NO_PIC = NO;
				GCC_NO_COMMON_BLOCKS = YES;
				GCC_OPTIMIZATION_LEVEL = 0;
				GCC_PREPROCESSOR_DEFINITIONS = (
					"DEBUG=1",
					"$(inherited)",
				);
				GCC_WARN_64_TO_32_BIT_CONVERSION = YES;
				GCC_WARN_ABOUT_RETURN_TYPE = YES_ERROR;
				GCC_WARN_UNDECLARED_SELECTOR = YES;
				GCC_WARN_UNINITIALIZED_AUTOS = YES_AGGRESSIVE;
				GCC_WARN_UNUSED_FUNCTION = YES;
				GCC_WARN_UNUSED_VARIABLE = YES;
				IPHONEOS_DEPLOYMENT_TARGET = 11.3;
				MTL_ENABLE_DEBUG_INFO = YES;
				ONLY_ACTIVE_ARCH = YES;
				SDKROOT = iphoneos;
				SWIFT_ACTIVE_COMPILATION_CONDITIONS = DEBUG;
				SWIFT_OPTIMIZATION_LEVEL = "-Onone";
			};
			name = Debug;
		};
		716025DE2085CB550076A79B /* Release */ = {
			isa = XCBuildConfiguration;
			buildSettings = {
				ALWAYS_SEARCH_USER_PATHS = NO;
				CLANG_ANALYZER_NONNULL = YES;
				CLANG_ANALYZER_NUMBER_OBJECT_CONVERSION = YES_AGGRESSIVE;
				CLANG_CXX_LANGUAGE_STANDARD = "gnu++14";
				CLANG_CXX_LIBRARY = "libc++";
				CLANG_ENABLE_MODULES = YES;
				CLANG_ENABLE_OBJC_ARC = YES;
				CLANG_ENABLE_OBJC_WEAK = YES;
				CLANG_WARN_BLOCK_CAPTURE_AUTORELEASING = YES;
				CLANG_WARN_BOOL_CONVERSION = YES;
				CLANG_WARN_COMMA = YES;
				CLANG_WARN_CONSTANT_CONVERSION = YES;
				CLANG_WARN_DEPRECATED_OBJC_IMPLEMENTATIONS = YES;
				CLANG_WARN_DIRECT_OBJC_ISA_USAGE = YES_ERROR;
				CLANG_WARN_DOCUMENTATION_COMMENTS = YES;
				CLANG_WARN_EMPTY_BODY = YES;
				CLANG_WARN_ENUM_CONVERSION = YES;
				CLANG_WARN_INFINITE_RECURSION = YES;
				CLANG_WARN_INT_CONVERSION = YES;
				CLANG_WARN_NON_LITERAL_NULL_CONVERSION = YES;
				CLANG_WARN_OBJC_IMPLICIT_RETAIN_SELF = YES;
				CLANG_WARN_OBJC_LITERAL_CONVERSION = YES;
				CLANG_WARN_OBJC_ROOT_CLASS = YES_ERROR;
				CLANG_WARN_RANGE_LOOP_ANALYSIS = YES;
				CLANG_WARN_STRICT_PROTOTYPES = YES;
				CLANG_WARN_SUSPICIOUS_MOVE = YES;
				CLANG_WARN_UNGUARDED_AVAILABILITY = YES_AGGRESSIVE;
				CLANG_WARN_UNREACHABLE_CODE = YES;
				CLANG_WARN__DUPLICATE_METHOD_MATCH = YES;
				CODE_SIGN_IDENTITY = "iPhone Developer";
				COPY_PHASE_STRIP = NO;
				DEBUG_INFORMATION_FORMAT = "dwarf-with-dsym";
				ENABLE_NS_ASSERTIONS = NO;
				ENABLE_STRICT_OBJC_MSGSEND = YES;
				GCC_C_LANGUAGE_STANDARD = gnu11;
				GCC_NO_COMMON_BLOCKS = YES;
				GCC_WARN_64_TO_32_BIT_CONVERSION = YES;
				GCC_WARN_ABOUT_RETURN_TYPE = YES_ERROR;
				GCC_WARN_UNDECLARED_SELECTOR = YES;
				GCC_WARN_UNINITIALIZED_AUTOS = YES_AGGRESSIVE;
				GCC_WARN_UNUSED_FUNCTION = YES;
				GCC_WARN_UNUSED_VARIABLE = YES;
				IPHONEOS_DEPLOYMENT_TARGET = 11.3;
				MTL_ENABLE_DEBUG_INFO = NO;
				SDKROOT = iphoneos;
				SWIFT_COMPILATION_MODE = wholemodule;
				SWIFT_OPTIMIZATION_LEVEL = "-O";
				VALIDATE_PRODUCT = YES;
			};
			name = Release;
		};
		716025E02085CB550076A79B /* Debug */ = {
			isa = XCBuildConfiguration;
			baseConfigurationReference = FE22C0741961A0AA4011E448 /* Pods-P10_Reciplease.debug.xcconfig */;
			buildSettings = {
				ASSETCATALOG_COMPILER_APPICON_NAME = AppIcon;
				CODE_SIGN_STYLE = Automatic;
				DEVELOPMENT_TEAM = Q6R42C3K2F;
				INFOPLIST_FILE = "$(SRCROOT)/P10_Reciplease/Ressource/Info.plist";
				LD_RUNPATH_SEARCH_PATHS = (
					"$(inherited)",
					"@executable_path/Frameworks",
				);
				PRODUCT_BUNDLE_IDENTIFIER = "com.aricheux.P10-Reciplease";
				PRODUCT_NAME = "$(TARGET_NAME)";
				SWIFT_VERSION = 4.0;
				TARGETED_DEVICE_FAMILY = "1,2";
			};
			name = Debug;
		};
		716025E12085CB550076A79B /* Release */ = {
			isa = XCBuildConfiguration;
			baseConfigurationReference = 6365D3E22B4C412DFAD2A8DA /* Pods-P10_Reciplease.release.xcconfig */;
			buildSettings = {
				ASSETCATALOG_COMPILER_APPICON_NAME = AppIcon;
				CODE_SIGN_STYLE = Automatic;
				DEVELOPMENT_TEAM = Q6R42C3K2F;
				INFOPLIST_FILE = "$(SRCROOT)/P10_Reciplease/Ressource/Info.plist";
				LD_RUNPATH_SEARCH_PATHS = (
					"$(inherited)",
					"@executable_path/Frameworks",
				);
				PRODUCT_BUNDLE_IDENTIFIER = "com.aricheux.P10-Reciplease";
				PRODUCT_NAME = "$(TARGET_NAME)";
				SWIFT_VERSION = 4.0;
				TARGETED_DEVICE_FAMILY = "1,2";
			};
			name = Release;
		};
		716025E32085CB550076A79B /* Debug */ = {
			isa = XCBuildConfiguration;
			baseConfigurationReference = A21A32AED546B00560B49C91 /* Pods-P10_RecipleaseTests.debug.xcconfig */;
			buildSettings = {
				ALWAYS_EMBED_SWIFT_STANDARD_LIBRARIES = YES;
				BUNDLE_LOADER = "$(TEST_HOST)";
				CODE_SIGN_STYLE = Automatic;
				DEVELOPMENT_TEAM = Q6R42C3K2F;
				INFOPLIST_FILE = P10_RecipleaseTests/Info.plist;
				LD_RUNPATH_SEARCH_PATHS = (
					"$(inherited)",
					"@executable_path/Frameworks",
					"@loader_path/Frameworks",
				);
				PRODUCT_BUNDLE_IDENTIFIER = "com.aricheux.P10-RecipleaseTests";
				PRODUCT_NAME = "$(TARGET_NAME)";
				SWIFT_VERSION = 4.0;
				TARGETED_DEVICE_FAMILY = "1,2";
				TEST_HOST = "$(BUILT_PRODUCTS_DIR)/P10_Reciplease.app/P10_Reciplease";
			};
			name = Debug;
		};
		716025E42085CB550076A79B /* Release */ = {
			isa = XCBuildConfiguration;
			baseConfigurationReference = C7ED558A5263CAAFAA2D4C0D /* Pods-P10_RecipleaseTests.release.xcconfig */;
			buildSettings = {
				ALWAYS_EMBED_SWIFT_STANDARD_LIBRARIES = YES;
				BUNDLE_LOADER = "$(TEST_HOST)";
				CODE_SIGN_STYLE = Automatic;
				DEVELOPMENT_TEAM = Q6R42C3K2F;
				INFOPLIST_FILE = P10_RecipleaseTests/Info.plist;
				LD_RUNPATH_SEARCH_PATHS = (
					"$(inherited)",
					"@executable_path/Frameworks",
					"@loader_path/Frameworks",
				);
				PRODUCT_BUNDLE_IDENTIFIER = "com.aricheux.P10-RecipleaseTests";
				PRODUCT_NAME = "$(TARGET_NAME)";
				SWIFT_VERSION = 4.0;
				TARGETED_DEVICE_FAMILY = "1,2";
				TEST_HOST = "$(BUILT_PRODUCTS_DIR)/P10_Reciplease.app/P10_Reciplease";
			};
			name = Release;
		};
		716025E62085CB550076A79B /* Debug */ = {
			isa = XCBuildConfiguration;
			baseConfigurationReference = E1C9B7E7FD8B405734B2A9EF /* Pods-P10_RecipleaseUITests.debug.xcconfig */;
			buildSettings = {
				ALWAYS_EMBED_SWIFT_STANDARD_LIBRARIES = YES;
				CODE_SIGN_STYLE = Automatic;
				DEVELOPMENT_TEAM = Q6R42C3K2F;
				INFOPLIST_FILE = P10_RecipleaseUITests/Info.plist;
				LD_RUNPATH_SEARCH_PATHS = (
					"$(inherited)",
					"@executable_path/Frameworks",
					"@loader_path/Frameworks",
				);
				PRODUCT_BUNDLE_IDENTIFIER = "com.aricheux.P10-RecipleaseUITests";
				PRODUCT_NAME = "$(TARGET_NAME)";
				SWIFT_VERSION = 4.0;
				TARGETED_DEVICE_FAMILY = "1,2";
				TEST_TARGET_NAME = P10_Reciplease;
			};
			name = Debug;
		};
		716025E72085CB550076A79B /* Release */ = {
			isa = XCBuildConfiguration;
			baseConfigurationReference = 06DCD0163DEE512761ED0D31 /* Pods-P10_RecipleaseUITests.release.xcconfig */;
			buildSettings = {
				ALWAYS_EMBED_SWIFT_STANDARD_LIBRARIES = YES;
				CODE_SIGN_STYLE = Automatic;
				DEVELOPMENT_TEAM = Q6R42C3K2F;
				INFOPLIST_FILE = P10_RecipleaseUITests/Info.plist;
				LD_RUNPATH_SEARCH_PATHS = (
					"$(inherited)",
					"@executable_path/Frameworks",
					"@loader_path/Frameworks",
				);
				PRODUCT_BUNDLE_IDENTIFIER = "com.aricheux.P10-RecipleaseUITests";
				PRODUCT_NAME = "$(TARGET_NAME)";
				SWIFT_VERSION = 4.0;
				TARGETED_DEVICE_FAMILY = "1,2";
				TEST_TARGET_NAME = P10_Reciplease;
			};
			name = Release;
		};
/* End XCBuildConfiguration section */

/* Begin XCConfigurationList section */
		716025B02085CB530076A79B /* Build configuration list for PBXProject "P10_Reciplease" */ = {
			isa = XCConfigurationList;
			buildConfigurations = (
				716025DD2085CB550076A79B /* Debug */,
				716025DE2085CB550076A79B /* Release */,
			);
			defaultConfigurationIsVisible = 0;
			defaultConfigurationName = Release;
		};
		716025DF2085CB550076A79B /* Build configuration list for PBXNativeTarget "P10_Reciplease" */ = {
			isa = XCConfigurationList;
			buildConfigurations = (
				716025E02085CB550076A79B /* Debug */,
				716025E12085CB550076A79B /* Release */,
			);
			defaultConfigurationIsVisible = 0;
			defaultConfigurationName = Release;
		};
		716025E22085CB550076A79B /* Build configuration list for PBXNativeTarget "P10_RecipleaseTests" */ = {
			isa = XCConfigurationList;
			buildConfigurations = (
				716025E32085CB550076A79B /* Debug */,
				716025E42085CB550076A79B /* Release */,
			);
			defaultConfigurationIsVisible = 0;
			defaultConfigurationName = Release;
		};
		716025E52085CB550076A79B /* Build configuration list for PBXNativeTarget "P10_RecipleaseUITests" */ = {
			isa = XCConfigurationList;
			buildConfigurations = (
				716025E62085CB550076A79B /* Debug */,
				716025E72085CB550076A79B /* Release */,
			);
			defaultConfigurationIsVisible = 0;
			defaultConfigurationName = Release;
		};
/* End XCConfigurationList section */
	};
	rootObject = 716025AD2085CB530076A79B /* Project object */;
}
